
Microsoft Visual Studio Solution File, Format Version 12.00
# Visual Studio 15
VisualStudioVersion = 15.0.27428.2037
MinimumVisualStudioVersion = 10.0.40219.1
Project("{FAE04EC0-301F-11D3-BF4B-00C04F79EFBC}") = "AnimalFarm", "AnimalFarm\AnimalFarm.csproj", "{0C6D6A3B-FB67-4ECE-9279-9F1E6045724F}"
EndProject
Project("{FAE04EC0-301F-11D3-BF4B-00C04F79EFBC}") = "FarmConsole", "FarmConsole\FarmConsole.csproj", "{1DB53956-17E8-4C65-80D3-11A8DAE245A1}"
EndProject
Global
	GlobalSection(SolutionConfigurationPlatforms) = preSolution
		Debug|Any CPU = Debug|Any CPU
		Release|Any CPU = Release|Any CPU
	EndGlobalSection
	GlobalSection(ProjectConfigurationPlatforms) = postSolution
		{0C6D6A3B-FB67-4ECE-9279-9F1E6045724F}.Debug|Any CPU.ActiveCfg = Debug|Any CPU
		{0C6D6A3B-FB67-4ECE-9279-9F1E6045724F}.Debug|Any CPU.Build.0 = Debug|Any CPU
		{0C6D6A3B-FB67-4ECE-9279-9F1E6045724F}.Release|Any CPU.ActiveCfg = Release|Any CPU
		{0C6D6A3B-FB67-4ECE-9279-9F1E6045724F}.Release|Any CPU.Build.0 = Release|Any CPU
		{1DB53956-17E8-4C65-80D3-11A8DAE245A1}.Debug|Any CPU.ActiveCfg = Debug|Any CPU
		{1DB53956-17E8-4C65-80D3-11A8DAE245A1}.Debug|Any CPU.Build.0 = Debug|Any CPU
		{1DB53956-17E8-4C65-80D3-11A8DAE245A1}.Release|Any CPU.ActiveCfg = Release|Any CPU
		{1DB53956-17E8-4C65-80D3-11A8DAE245A1}.Release|Any CPU.Build.0 = Release|Any CPU
	EndGlobalSection
	GlobalSection(SolutionProperties) = preSolution
		HideSolutionNode = FALSE
	EndGlobalSection
	GlobalSection(ExtensibilityGlobals) = postSolution
		SolutionGuid = {08456147-EDAA-4E1D-ABBF-2DD5F8DCF535}
	EndGlobalSection
EndGlobal
