
Microsoft Visual Studio Solution File, Format Version 12.00
# Visual Studio 15
VisualStudioVersion = 15.0.27428.2037
MinimumVisualStudioVersion = 10.0.40219.1
Project("{FAE04EC0-301F-11D3-BF4B-00C04F79EFBC}") = "Arrays", "Arrays\Arrays.csproj", "{C433D366-C49B-4339-9057-4E4EFA8D8806}"
EndProject
Global
	GlobalSection(SolutionConfigurationPlatforms) = preSolution
		Debug|Any CPU = Debug|Any CPU
		Release|Any CPU = Release|Any CPU
	EndGlobalSection
	GlobalSection(ProjectConfigurationPlatforms) = postSolution
		{C433D366-C49B-4339-9057-4E4EFA8D8806}.Debug|Any CPU.ActiveCfg = Debug|Any CPU
		{C433D366-C49B-4339-9057-4E4EFA8D8806}.Debug|Any CPU.Build.0 = Debug|Any CPU
		{C433D366-C49B-4339-9057-4E4EFA8D8806}.Release|Any CPU.ActiveCfg = Release|Any CPU
		{C433D366-C49B-4339-9057-4E4EFA8D8806}.Release|Any CPU.Build.0 = Release|Any CPU
	EndGlobalSection
	GlobalSection(SolutionProperties) = preSolution
		HideSolutionNode = FALSE
	EndGlobalSection
	GlobalSection(ExtensibilityGlobals) = postSolution
		SolutionGuid = {72EC7AAB-1D78-4A81-B9A5-3E42C3F853C7}
	EndGlobalSection
EndGlobal
