
Microsoft Visual Studio Solution File, Format Version 12.00
# Visual Studio 15
VisualStudioVersion = 15.0.27428.2037
MinimumVisualStudioVersion = 10.0.40219.1
Project("{FAE04EC0-301F-11D3-BF4B-00C04F79EFBC}") = "CoffeeClass", "CoffeeClass\CoffeeClass.csproj", "{E3AEC3B1-27B4-4391-A874-3437CBA7F65D}"
EndProject
Project("{FAE04EC0-301F-11D3-BF4B-00C04F79EFBC}") = "CoffeeProgram", "CoffeeProgram\CoffeeProgram.csproj", "{8C39F516-06D2-4197-A3C6-AF45D6CE8F63}"
EndProject
Global
	GlobalSection(SolutionConfigurationPlatforms) = preSolution
		Debug|Any CPU = Debug|Any CPU
		Release|Any CPU = Release|Any CPU
	EndGlobalSection
	GlobalSection(ProjectConfigurationPlatforms) = postSolution
		{E3AEC3B1-27B4-4391-A874-3437CBA7F65D}.Debug|Any CPU.ActiveCfg = Debug|Any CPU
		{E3AEC3B1-27B4-4391-A874-3437CBA7F65D}.Debug|Any CPU.Build.0 = Debug|Any CPU
		{E3AEC3B1-27B4-4391-A874-3437CBA7F65D}.Release|Any CPU.ActiveCfg = Release|Any CPU
		{E3AEC3B1-27B4-4391-A874-3437CBA7F65D}.Release|Any CPU.Build.0 = Release|Any CPU
		{8C39F516-06D2-4197-A3C6-AF45D6CE8F63}.Debug|Any CPU.ActiveCfg = Debug|Any CPU
		{8C39F516-06D2-4197-A3C6-AF45D6CE8F63}.Debug|Any CPU.Build.0 = Debug|Any CPU
		{8C39F516-06D2-4197-A3C6-AF45D6CE8F63}.Release|Any CPU.ActiveCfg = Release|Any CPU
		{8C39F516-06D2-4197-A3C6-AF45D6CE8F63}.Release|Any CPU.Build.0 = Release|Any CPU
	EndGlobalSection
	GlobalSection(SolutionProperties) = preSolution
		HideSolutionNode = FALSE
	EndGlobalSection
	GlobalSection(ExtensibilityGlobals) = postSolution
		SolutionGuid = {3CB2671B-12E4-42E0-96AF-7F02F3F7049F}
	EndGlobalSection
EndGlobal
